
Microsoft Visual Studio Solution File, Format Version 12.00
# Visual Studio Version 16
VisualStudioVersion = 16.0.31515.178
MinimumVisualStudioVersion = 10.0.40219.1
Project("{FAE04EC0-301F-11D3-BF4B-00C04F79EFBC}") = "Nunit_selinium_test_Phase_4", "Nunit_selinium_test_Phase_4.csproj", "{1225698B-B993-47E5-852D-999A753CA8F0}"
EndProject
Global
	GlobalSection(SolutionConfigurationPlatforms) = preSolution
		Debug|Any CPU = Debug|Any CPU
		Release|Any CPU = Release|Any CPU
	EndGlobalSection
	GlobalSection(ProjectConfigurationPlatforms) = postSolution
		{1225698B-B993-47E5-852D-999A753CA8F0}.Debug|Any CPU.ActiveCfg = Debug|Any CPU
		{1225698B-B993-47E5-852D-999A753CA8F0}.Debug|Any CPU.Build.0 = Debug|Any CPU
		{1225698B-B993-47E5-852D-999A753CA8F0}.Release|Any CPU.ActiveCfg = Release|Any CPU
		{1225698B-B993-47E5-852D-999A753CA8F0}.Release|Any CPU.Build.0 = Release|Any CPU
	EndGlobalSection
	GlobalSection(SolutionProperties) = preSolution
		HideSolutionNode = FALSE
	EndGlobalSection
	GlobalSection(ExtensibilityGlobals) = postSolution
		SolutionGuid = {D3D83887-F0CC-4DA8-939C-FA71D39ED0E7}
	EndGlobalSection
EndGlobal
